// !$*UTF8*$!
{
	archiveVersion = 1;
	classes = {
	};
	objectVersion = 50;
	objects = {

/* Begin PBXBuildFile section */
		150753DB224DBB2200210EF3 /* NewsViewModel.swift in Sources */ = {isa = PBXBuildFile; fileRef = 150753DA224DBB2200210EF3 /* NewsViewModel.swift */; };
		150753DE224DBC9900210EF3 /* YHDetailViewController.swift in Sources */ = {isa = PBXBuildFile; fileRef = 150753DD224DBC9900210EF3 /* YHDetailViewController.swift */; };
		150753E0224DC88600210EF3 /* DetailViewDataManager.swift in Sources */ = {isa = PBXBuildFile; fileRef = 150753DF224DC88600210EF3 /* DetailViewDataManager.swift */; };
		150753E5224DCBCD00210EF3 /* UIImage.swift in Sources */ = {isa = PBXBuildFile; fileRef = 150753E4224DCBCD00210EF3 /* UIImage.swift */; };
		150753E7224DDE6400210EF3 /* Storage.swift in Sources */ = {isa = PBXBuildFile; fileRef = 150753E6224DDE6400210EF3 /* Storage.swift */; };
		15E2BD3E224C635700666C49 /* AppDelegate.swift in Sources */ = {isa = PBXBuildFile; fileRef = 15E2BD3D224C635700666C49 /* AppDelegate.swift */; };
		15E2BD45224C635900666C49 /* Assets.xcassets in Resources */ = {isa = PBXBuildFile; fileRef = 15E2BD44224C635900666C49 /* Assets.xcassets */; };
		15E2BD48224C635900666C49 /* LaunchScreen.storyboard in Resources */ = {isa = PBXBuildFile; fileRef = 15E2BD46224C635900666C49 /* LaunchScreen.storyboard */; };
		15E2BD50224C65C000666C49 /* NewsTableViewController.swift in Sources */ = {isa = PBXBuildFile; fileRef = 15E2BD4F224C65C000666C49 /* NewsTableViewController.swift */; };
		15E2BD53224C65EE00666C49 /* NewsTableViewCell.swift in Sources */ = {isa = PBXBuildFile; fileRef = 15E2BD52224C65EE00666C49 /* NewsTableViewCell.swift */; };
		15E2BD55224C667200666C49 /* ListDataManager.swift in Sources */ = {isa = PBXBuildFile; fileRef = 15E2BD54224C667200666C49 /* ListDataManager.swift */; };
		15E2BD59224C66AC00666C49 /* News.swift in Sources */ = {isa = PBXBuildFile; fileRef = 15E2BD58224C66AC00666C49 /* News.swift */; };
		15E2BD5B224C682700666C49 /* NewsListLoader.swift in Sources */ = {isa = PBXBuildFile; fileRef = 15E2BD5A224C682700666C49 /* NewsListLoader.swift */; };
		15E2BD5D224C810A00666C49 /* ImageLoader.swift in Sources */ = {isa = PBXBuildFile; fileRef = 15E2BD5C224C810A00666C49 /* ImageLoader.swift */; };
/* End PBXBuildFile section */

/* Begin PBXFileReference section */
		150753DA224DBB2200210EF3 /* NewsViewModel.swift */ = {isa = PBXFileReference; lastKnownFileType = sourcecode.swift; path = NewsViewModel.swift; sourceTree = "<group>"; };
		150753DD224DBC9900210EF3 /* YHDetailViewController.swift */ = {isa = PBXFileReference; lastKnownFileType = sourcecode.swift; path = YHDetailViewController.swift; sourceTree = "<group>"; };
		150753DF224DC88600210EF3 /* DetailViewDataManager.swift */ = {isa = PBXFileReference; lastKnownFileType = sourcecode.swift; path = DetailViewDataManager.swift; sourceTree = "<group>"; };
		150753E4224DCBCD00210EF3 /* UIImage.swift */ = {isa = PBXFileReference; lastKnownFileType = sourcecode.swift; path = UIImage.swift; sourceTree = "<group>"; };
		150753E6224DDE6400210EF3 /* Storage.swift */ = {isa = PBXFileReference; lastKnownFileType = sourcecode.swift; path = Storage.swift; sourceTree = "<group>"; };
		15E2BD3A224C635700666C49 /* News.app */ = {isa = PBXFileReference; explicitFileType = wrapper.application; includeInIndex = 0; path = News.app; sourceTree = BUILT_PRODUCTS_DIR; };
		15E2BD3D224C635700666C49 /* AppDelegate.swift */ = {isa = PBXFileReference; lastKnownFileType = sourcecode.swift; path = AppDelegate.swift; sourceTree = "<group>"; };
		15E2BD44224C635900666C49 /* Assets.xcassets */ = {isa = PBXFileReference; lastKnownFileType = folder.assetcatalog; path = Assets.xcassets; sourceTree = "<group>"; };
		15E2BD47224C635900666C49 /* Base */ = {isa = PBXFileReference; lastKnownFileType = file.storyboard; name = Base; path = Base.lproj/LaunchScreen.storyboard; sourceTree = "<group>"; };
		15E2BD49224C635900666C49 /* Info.plist */ = {isa = PBXFileReference; lastKnownFileType = text.plist.xml; path = Info.plist; sourceTree = "<group>"; };
		15E2BD4F224C65C000666C49 /* NewsTableViewController.swift */ = {isa = PBXFileReference; lastKnownFileType = sourcecode.swift; path = NewsTableViewController.swift; sourceTree = "<group>"; };
		15E2BD52224C65EE00666C49 /* NewsTableViewCell.swift */ = {isa = PBXFileReference; lastKnownFileType = sourcecode.swift; path = NewsTableViewCell.swift; sourceTree = "<group>"; };
		15E2BD54224C667200666C49 /* ListDataManager.swift */ = {isa = PBXFileReference; lastKnownFileType = sourcecode.swift; path = ListDataManager.swift; sourceTree = "<group>"; };
		15E2BD58224C66AC00666C49 /* News.swift */ = {isa = PBXFileReference; lastKnownFileType = sourcecode.swift; path = News.swift; sourceTree = "<group>"; };
		15E2BD5A224C682700666C49 /* NewsListLoader.swift */ = {isa = PBXFileReference; lastKnownFileType = sourcecode.swift; path = NewsListLoader.swift; sourceTree = "<group>"; };
		15E2BD5C224C810A00666C49 /* ImageLoader.swift */ = {isa = PBXFileReference; lastKnownFileType = sourcecode.swift; path = ImageLoader.swift; sourceTree = "<group>"; };
/* End PBXFileReference section */

/* Begin PBXFrameworksBuildPhase section */
		15E2BD37224C635700666C49 /* Frameworks */ = {
			isa = PBXFrameworksBuildPhase;
			buildActionMask = 2147483647;
			files = (
			);
			runOnlyForDeploymentPostprocessing = 0;
		};
/* End PBXFrameworksBuildPhase section */

/* Begin PBXGroup section */
		150753DC224DBC7D00210EF3 /* NewsDetail */ = {
			isa = PBXGroup;
			children = (
				150753DD224DBC9900210EF3 /* YHDetailViewController.swift */,
				150753DF224DC88600210EF3 /* DetailViewDataManager.swift */,
			);
			path = NewsDetail;
			sourceTree = "<group>";
		};
		150753E1224DCB8E00210EF3 /* Persist */ = {
			isa = PBXGroup;
			children = (
				150753E4224DCBCD00210EF3 /* UIImage.swift */,
				150753E6224DDE6400210EF3 /* Storage.swift */,
			);
			path = Persist;
			sourceTree = "<group>";
		};
		15E2BD31224C635700666C49 = {
			isa = PBXGroup;
			children = (
				15E2BD3C224C635700666C49 /* News */,
				15E2BD3B224C635700666C49 /* Products */,
			);
			sourceTree = "<group>";
		};
		15E2BD3B224C635700666C49 /* Products */ = {
			isa = PBXGroup;
			children = (
				15E2BD3A224C635700666C49 /* News.app */,
			);
			name = Products;
			sourceTree = "<group>";
		};
		15E2BD3C224C635700666C49 /* News */ = {
			isa = PBXGroup;
			children = (
				150753E1224DCB8E00210EF3 /* Persist */,
				15E2BD57224C668D00666C49 /* Networking */,
				15E2BD56224C668300666C49 /* DataModel */,
				150753DC224DBC7D00210EF3 /* NewsDetail */,
				15E2BD51224C65D600666C49 /* NewsList */,
				15E2BD3D224C635700666C49 /* AppDelegate.swift */,
				15E2BD44224C635900666C49 /* Assets.xcassets */,
				15E2BD46224C635900666C49 /* LaunchScreen.storyboard */,
				15E2BD49224C635900666C49 /* Info.plist */,
			);
			path = News;
			sourceTree = "<group>";
		};
		15E2BD51224C65D600666C49 /* NewsList */ = {
			isa = PBXGroup;
			children = (
				15E2BD54224C667200666C49 /* ListDataManager.swift */,
				15E2BD52224C65EE00666C49 /* NewsTableViewCell.swift */,
				15E2BD4F224C65C000666C49 /* NewsTableViewController.swift */,
			);
			path = NewsList;
			sourceTree = "<group>";
		};
		15E2BD56224C668300666C49 /* DataModel */ = {
			isa = PBXGroup;
			children = (
				15E2BD58224C66AC00666C49 /* News.swift */,
				150753DA224DBB2200210EF3 /* NewsViewModel.swift */,
			);
			path = DataModel;
			sourceTree = "<group>";
		};
		15E2BD57224C668D00666C49 /* Networking */ = {
			isa = PBXGroup;
			children = (
				15E2BD5A224C682700666C49 /* NewsListLoader.swift */,
				15E2BD5C224C810A00666C49 /* ImageLoader.swift */,
			);
			path = Networking;
			sourceTree = "<group>";
		};
/* End PBXGroup section */

/* Begin PBXNativeTarget section */
		15E2BD39224C635700666C49 /* News */ = {
			isa = PBXNativeTarget;
			buildConfigurationList = 15E2BD4C224C635900666C49 /* Build configuration list for PBXNativeTarget "News" */;
			buildPhases = (
				15E2BD36224C635700666C49 /* Sources */,
				15E2BD37224C635700666C49 /* Frameworks */,
				15E2BD38224C635700666C49 /* Resources */,
			);
			buildRules = (
			);
			dependencies = (
			);
			name = News;
			productName = News;
			productReference = 15E2BD3A224C635700666C49 /* News.app */;
			productType = "com.apple.product-type.application";
		};
/* End PBXNativeTarget section */

/* Begin PBXProject section */
		15E2BD32224C635700666C49 /* Project object */ = {
			isa = PBXProject;
			attributes = {
				LastSwiftUpdateCheck = 1010;
				LastUpgradeCheck = 1010;
				TargetAttributes = {
					15E2BD39224C635700666C49 = {
						CreatedOnToolsVersion = 10.1;
					};
				};
			};
			buildConfigurationList = 15E2BD35224C635700666C49 /* Build configuration list for PBXProject "News" */;
			compatibilityVersion = "Xcode 9.3";
			developmentRegion = en;
			hasScannedForEncodings = 0;
			knownRegions = (
				en,
				Base,
			);
			mainGroup = 15E2BD31224C635700666C49;
			productRefGroup = 15E2BD3B224C635700666C49 /* Products */;
			projectDirPath = "";
			projectRoot = "";
			targets = (
				15E2BD39224C635700666C49 /* News */,
			);
		};
/* End PBXProject section */

/* Begin PBXResourcesBuildPhase section */
		15E2BD38224C635700666C49 /* Resources */ = {
			isa = PBXResourcesBuildPhase;
			buildActionMask = 2147483647;
			files = (
				15E2BD48224C635900666C49 /* LaunchScreen.storyboard in Resources */,
				15E2BD45224C635900666C49 /* Assets.xcassets in Resources */,
			);
			runOnlyForDeploymentPostprocessing = 0;
		};
/* End PBXResourcesBuildPhase section */

/* Begin PBXSourcesBuildPhase section */
		15E2BD36224C635700666C49 /* Sources */ = {
			isa = PBXSourcesBuildPhase;
			buildActionMask = 2147483647;
			files = (
				150753DE224DBC9900210EF3 /* YHDetailViewController.swift in Sources */,
				15E2BD5B224C682700666C49 /* NewsListLoader.swift in Sources */,
				150753DB224DBB2200210EF3 /* NewsViewModel.swift in Sources */,
				15E2BD59224C66AC00666C49 /* News.swift in Sources */,
				15E2BD55224C667200666C49 /* ListDataManager.swift in Sources */,
				15E2BD53224C65EE00666C49 /* NewsTableViewCell.swift in Sources */,
				15E2BD3E224C635700666C49 /* AppDelegate.swift in Sources */,
				15E2BD5D224C810A00666C49 /* ImageLoader.swift in Sources */,
				150753E5224DCBCD00210EF3 /* UIImage.swift in Sources */,
				15E2BD50224C65C000666C49 /* NewsTableViewController.swift in Sources */,
				150753E0224DC88600210EF3 /* DetailViewDataManager.swift in Sources */,
				150753E7224DDE6400210EF3 /* Storage.swift in Sources */,
			);
			runOnlyForDeploymentPostprocessing = 0;
		};
/* End PBXSourcesBuildPhase section */

/* Begin PBXVariantGroup section */
		15E2BD46224C635900666C49 /* LaunchScreen.storyboard */ = {
			isa = PBXVariantGroup;
			children = (
				15E2BD47224C635900666C49 /* Base */,
			);
			name = LaunchScreen.storyboard;
			sourceTree = "<group>";
		};
/* End PBXVariantGroup section */

/* Begin XCBuildConfiguration section */
		15E2BD4A224C635900666C49 /* Debug */ = {
			isa = XCBuildConfiguration;
			buildSettings = {
				ALWAYS_SEARCH_USER_PATHS = NO;
				CLANG_ANALYZER_NONNULL = YES;
				CLANG_ANALYZER_NUMBER_OBJECT_CONVERSION = YES_AGGRESSIVE;
				CLANG_CXX_LANGUAGE_STANDARD = "gnu++14";
				CLANG_CXX_LIBRARY = "libc++";
				CLANG_ENABLE_MODULES = YES;
				CLANG_ENABLE_OBJC_ARC = YES;
				CLANG_ENABLE_OBJC_WEAK = YES;
				CLANG_WARN_BLOCK_CAPTURE_AUTORELEASING = YES;
				CLANG_WARN_BOOL_CONVERSION = YES;
				CLANG_WARN_COMMA = YES;
				CLANG_WARN_CONSTANT_CONVERSION = YES;
				CLANG_WARN_DEPRECATED_OBJC_IMPLEMENTATIONS = YES;
				CLANG_WARN_DIRECT_OBJC_ISA_USAGE = YES_ERROR;
				CLANG_WARN_DOCUMENTATION_COMMENTS = YES;
				CLANG_WARN_EMPTY_BODY = YES;
				CLANG_WARN_ENUM_CONVERSION = YES;
				CLANG_WARN_INFINITE_RECURSION = YES;
				CLANG_WARN_INT_CONVERSION = YES;
				CLANG_WARN_NON_LITERAL_NULL_CONVERSION = YES;
				CLANG_WARN_OBJC_IMPLICIT_RETAIN_SELF = YES;
				CLANG_WARN_OBJC_LITERAL_CONVERSION = YES;
				CLANG_WARN_OBJC_ROOT_CLASS = YES_ERROR;
				CLANG_WARN_RANGE_LOOP_ANALYSIS = YES;
				CLANG_WARN_STRICT_PROTOTYPES = YES;
				CLANG_WARN_SUSPICIOUS_MOVE = YES;
				CLANG_WARN_UNGUARDED_AVAILABILITY = YES_AGGRESSIVE;
				CLANG_WARN_UNREACHABLE_CODE = YES;
				CLANG_WARN__DUPLICATE_METHOD_MATCH = YES;
				CODE_SIGN_IDENTITY = "iPhone Developer";
				COPY_PHASE_STRIP = NO;
				DEBUG_INFORMATION_FORMAT = dwarf;
				ENABLE_STRICT_OBJC_MSGSEND = YES;
				ENABLE_TESTABILITY = YES;
				GCC_C_LANGUAGE_STANDARD = gnu11;
				GCC_DYNAMIC_NO_PIC = NO;
				GCC_NO_COMMON_BLOCKS = YES;
				GCC_OPTIMIZATION_LEVEL = 0;
				GCC_PREPROCESSOR_DEFINITIONS = (
					"DEBUG=1",
					"$(inherited)",
				);
				GCC_WARN_64_TO_32_BIT_CONVERSION = YES;
				GCC_WARN_ABOUT_RETURN_TYPE = YES_ERROR;
				GCC_WARN_UNDECLARED_SELECTOR = YES;
				GCC_WARN_UNINITIALIZED_AUTOS = YES_AGGRESSIVE;
				GCC_WARN_UNUSED_FUNCTION = YES;
				GCC_WARN_UNUSED_VARIABLE = YES;
				IPHONEOS_DEPLOYMENT_TARGET = 12.1;
				MTL_ENABLE_DEBUG_INFO = INCLUDE_SOURCE;
				MTL_FAST_MATH = YES;
				ONLY_ACTIVE_ARCH = YES;
				SDKROOT = iphoneos;
				SWIFT_ACTIVE_COMPILATION_CONDITIONS = DEBUG;
				SWIFT_OPTIMIZATION_LEVEL = "-Onone";
			};
			name = Debug;
		};
		15E2BD4B224C635900666C49 /* Release */ = {
			isa = XCBuildConfiguration;
			buildSettings = {
				ALWAYS_SEARCH_USER_PATHS = NO;
				CLANG_ANALYZER_NONNULL = YES;
				CLANG_ANALYZER_NUMBER_OBJECT_CONVERSION = YES_AGGRESSIVE;
				CLANG_CXX_LANGUAGE_STANDARD = "gnu++14";
				CLANG_CXX_LIBRARY = "libc++";
				CLANG_ENABLE_MODULES = YES;
				CLANG_ENABLE_OBJC_ARC = YES;
				CLANG_ENABLE_OBJC_WEAK = YES;
				CLANG_WARN_BLOCK_CAPTURE_AUTORELEASING = YES;
				CLANG_WARN_BOOL_CONVERSION = YES;
				CLANG_WARN_COMMA = YES;
				CLANG_WARN_CONSTANT_CONVERSION = YES;
				CLANG_WARN_DEPRECATED_OBJC_IMPLEMENTATIONS = YES;
				CLANG_WARN_DIRECT_OBJC_ISA_USAGE = YES_ERROR;
				CLANG_WARN_DOCUMENTATION_COMMENTS = YES;
				CLANG_WARN_EMPTY_BODY = YES;
				CLANG_WARN_ENUM_CONVERSION = YES;
				CLANG_WARN_INFINITE_RECURSION = YES;
				CLANG_WARN_INT_CONVERSION = YES;
				CLANG_WARN_NON_LITERAL_NULL_CONVERSION = YES;
				CLANG_WARN_OBJC_IMPLICIT_RETAIN_SELF = YES;
				CLANG_WARN_OBJC_LITERAL_CONVERSION = YES;
				CLANG_WARN_OBJC_ROOT_CLASS = YES_ERROR;
				CLANG_WARN_RANGE_LOOP_ANALYSIS = YES;
				CLANG_WARN_STRICT_PROTOTYPES = YES;
				CLANG_WARN_SUSPICIOUS_MOVE = YES;
				CLANG_WARN_UNGUARDED_AVAILABILITY = YES_AGGRESSIVE;
				CLANG_WARN_UNREACHABLE_CODE = YES;
				CLANG_WARN__DUPLICATE_METHOD_MATCH = YES;
				CODE_SIGN_IDENTITY = "iPhone Developer";
				COPY_PHASE_STRIP = NO;
				DEBUG_INFORMATION_FORMAT = "dwarf-with-dsym";
				ENABLE_NS_ASSERTIONS = NO;
				ENABLE_STRICT_OBJC_MSGSEND = YES;
				GCC_C_LANGUAGE_STANDARD = gnu11;
				GCC_NO_COMMON_BLOCKS = YES;
				GCC_WARN_64_TO_32_BIT_CONVERSION = YES;
				GCC_WARN_ABOUT_RETURN_TYPE = YES_ERROR;
				GCC_WARN_UNDECLARED_SELECTOR = YES;
				GCC_WARN_UNINITIALIZED_AUTOS = YES_AGGRESSIVE;
				GCC_WARN_UNUSED_FUNCTION = YES;
				GCC_WARN_UNUSED_VARIABLE = YES;
				IPHONEOS_DEPLOYMENT_TARGET = 12.1;
				MTL_ENABLE_DEBUG_INFO = NO;
				MTL_FAST_MATH = YES;
				SDKROOT = iphoneos;
				SWIFT_COMPILATION_MODE = wholemodule;
				SWIFT_OPTIMIZATION_LEVEL = "-O";
				VALIDATE_PRODUCT = YES;
			};
			name = Release;
		};
		15E2BD4D224C635900666C49 /* Debug */ = {
			isa = XCBuildConfiguration;
			buildSettings = {
				ASSETCATALOG_COMPILER_APPICON_NAME = AppIcon;
				CODE_SIGN_STYLE = Automatic;
				DEVELOPMENT_TEAM = P68JQ97L97;
				INFOPLIST_FILE = News/Info.plist;
				LD_RUNPATH_SEARCH_PATHS = (
					"$(inherited)",
					"@executable_path/Frameworks",
				);
				PRODUCT_BUNDLE_IDENTIFIER = com.xlt.News;
				PRODUCT_NAME = "$(TARGET_NAME)";
				SWIFT_VERSION = 4.2;
				TARGETED_DEVICE_FAMILY = "1,2";
			};
			name = Debug;
		};
		15E2BD4E224C635900666C49 /* Release */ = {
			isa = XCBuildConfiguration;
			buildSettings = {
				ASSETCATALOG_COMPILER_APPICON_NAME = AppIcon;
				CODE_SIGN_STYLE = Automatic;
				DEVELOPMENT_TEAM = P68JQ97L97;
				INFOPLIST_FILE = News/Info.plist;
				LD_RUNPATH_SEARCH_PATHS = (
					"$(inherited)",
					"@executable_path/Frameworks",
				);
				PRODUCT_BUNDLE_IDENTIFIER = com.xlt.News;
				PRODUCT_NAME = "$(TARGET_NAME)";
				SWIFT_VERSION = 4.2;
				TARGETED_DEVICE_FAMILY = "1,2";
			};
			name = Release;
		};
/* End XCBuildConfiguration section */

/* Begin XCConfigurationList section */
		15E2BD35224C635700666C49 /* Build configuration list for PBXProject "News" */ = {
			isa = XCConfigurationList;
			buildConfigurations = (
				15E2BD4A224C635900666C49 /* Debug */,
				15E2BD4B224C635900666C49 /* Release */,
			);
			defaultConfigurationIsVisible = 0;
			defaultConfigurationName = Release;
		};
		15E2BD4C224C635900666C49 /* Build configuration list for PBXNativeTarget "News" */ = {
			isa = XCConfigurationList;
			buildConfigurations = (
				15E2BD4D224C635900666C49 /* Debug */,
				15E2BD4E224C635900666C49 /* Release */,
			);
			defaultConfigurationIsVisible = 0;
			defaultConfigurationName = Release;
		};
/* End XCConfigurationList section */
	};
	rootObject = 15E2BD32224C635700666C49 /* Project object */;
}
